
Microsoft Visual Studio Solution File, Format Version 12.00
# Visual Studio Version 17
VisualStudioVersion = 17.7.34031.279
MinimumVisualStudioVersion = 10.0.40219.1
Project("{9A19103F-16F7-4668-BE54-9A1E7A4F7556}") = "AccessibilityModifiers", "AccessibilityModifiers\AccessibilityModifiers.csproj", "{8D619C3B-519C-4AE5-B563-4B9AF3BDF565}"
EndProject
Project("{9A19103F-16F7-4668-BE54-9A1E7A4F7556}") = "CustomerLib", "CustomerLib\CustomerLib.csproj", "{61D4225A-B1DA-444D-8658-AC770A768542}"
EndProject
Project("{9A19103F-16F7-4668-BE54-9A1E7A4F7556}") = "OrderLib", "OrderLib\OrderLib.csproj", "{30262F3E-4D2A-49A1-A489-B17E3DA0EFDF}"
EndProject
Project("{FAE04EC0-301F-11D3-BF4B-00C04F79EFBC}") = "TestClass", "TestClass\TestClass.csproj", "{C5382DAF-41D7-4861-9929-969634A10A32}"
EndProject
Global
	GlobalSection(SolutionConfigurationPlatforms) = preSolution
		Debug|Any CPU = Debug|Any CPU
		Release|Any CPU = Release|Any CPU
	EndGlobalSection
	GlobalSection(ProjectConfigurationPlatforms) = postSolution
		{8D619C3B-519C-4AE5-B563-4B9AF3BDF565}.Debug|Any CPU.ActiveCfg = Debug|Any CPU
		{8D619C3B-519C-4AE5-B563-4B9AF3BDF565}.Debug|Any CPU.Build.0 = Debug|Any CPU
		{8D619C3B-519C-4AE5-B563-4B9AF3BDF565}.Release|Any CPU.ActiveCfg = Release|Any CPU
		{8D619C3B-519C-4AE5-B563-4B9AF3BDF565}.Release|Any CPU.Build.0 = Release|Any CPU
		{61D4225A-B1DA-444D-8658-AC770A768542}.Debug|Any CPU.ActiveCfg = Debug|Any CPU
		{61D4225A-B1DA-444D-8658-AC770A768542}.Debug|Any CPU.Build.0 = Debug|Any CPU
		{61D4225A-B1DA-444D-8658-AC770A768542}.Release|Any CPU.ActiveCfg = Release|Any CPU
		{61D4225A-B1DA-444D-8658-AC770A768542}.Release|Any CPU.Build.0 = Release|Any CPU
		{30262F3E-4D2A-49A1-A489-B17E3DA0EFDF}.Debug|Any CPU.ActiveCfg = Debug|Any CPU
		{30262F3E-4D2A-49A1-A489-B17E3DA0EFDF}.Debug|Any CPU.Build.0 = Debug|Any CPU
		{30262F3E-4D2A-49A1-A489-B17E3DA0EFDF}.Release|Any CPU.ActiveCfg = Release|Any CPU
		{30262F3E-4D2A-49A1-A489-B17E3DA0EFDF}.Release|Any CPU.Build.0 = Release|Any CPU
		{C5382DAF-41D7-4861-9929-969634A10A32}.Debug|Any CPU.ActiveCfg = Debug|Any CPU
		{C5382DAF-41D7-4861-9929-969634A10A32}.Debug|Any CPU.Build.0 = Debug|Any CPU
		{C5382DAF-41D7-4861-9929-969634A10A32}.Release|Any CPU.ActiveCfg = Release|Any CPU
		{C5382DAF-41D7-4861-9929-969634A10A32}.Release|Any CPU.Build.0 = Release|Any CPU
	EndGlobalSection
	GlobalSection(SolutionProperties) = preSolution
		HideSolutionNode = FALSE
	EndGlobalSection
	GlobalSection(ExtensibilityGlobals) = postSolution
		SolutionGuid = {0C02605B-1125-4B85-B1C2-DEC0A6DB58E2}
	EndGlobalSection
EndGlobal
